%{
  "cowlib": {:hex, :cowlib, "2.13.0", "db8f7505d8332d98ef50a3ef34b34c1afddec7506e4ee4dd4a3a266285d282ca", [:make, :rebar3], [], "hexpm", "e1e1284dc3fc030a64b1ad0d8382ae7e99da46c3246b815318a4b848873800a4"},
  "glock": {:hex, :glock, "0.1.1", "033e354644dbddb6f1324b10cc80e54783696fc269ce42c624a7ffa5c9e0c27a", [:mix], [{:cowlib, "~> 2.7", [hex: :cowlib, repo: "hexpm", optional: false]}, {:gun, "~> 1.3.3", [hex: :gun, repo: "hexpm", optional: false]}], "hexpm", "f371a939a9f7112ac5f6849172bb3a34436e9074912125dbfda00d54db968e66"},
  "gun": {:hex, :gun, "2.1.0", "b4e4cbbf3026d21981c447e9e7ca856766046eff693720ba43114d7f5de36e87", [:make, :rebar3], [{:cowlib, "2.13.0", [hex: :cowlib, repo: "hexpm", optional: false]}], "hexpm", "52fc7fc246bfc3b00e01aea1c2854c70a366348574ab50c57dfe796d24a0101d"},
  "nimble_options": {:hex, :nimble_options, "1.1.0", "3b31a57ede9cb1502071fade751ab0c7b8dbe75a9a4c2b5bbb0943a690b63172", [:mix], [], "hexpm", "8bbbb3941af3ca9acc7835f5655ea062111c9c27bcac53e004460dfd19008a99"},
  "redix": {:hex, :redix, "1.4.1", "8303e13bad38ca80c15bdf79ea9cbd6eb879554c9cbb815b35df1602d7b1549d", [:mix], [{:castore, "~> 0.1.0 or ~> 1.0", [hex: :castore, repo: "hexpm", optional: true]}, {:nimble_options, "~> 0.5.0 or ~> 1.0", [hex: :nimble_options, repo: "hexpm", optional: false]}, {:telemetry, "~> 0.4.0 or ~> 1.0", [hex: :telemetry, repo: "hexpm", optional: false]}], "hexpm", "676b5ce37d7b1d46931d506e3208786bd8334a1625ecb591d87d790b23ffbd1f"},
  "telemetry": {:hex, :telemetry, "1.2.1", "68fdfe8d8f05a8428483a97d7aab2f268aaff24b49e0f599faa091f1d4e7f61c", [:rebar3], [], "hexpm", "dad9ce9d8effc621708f99eac538ef1cbe05d6a874dd741de2e689c47feafed5"},
  "websocket_client": {:hex, :websocket_client, "1.5.0", "e825f23c51a867681a222148ed5200cc4a12e4fb5ff0b0b35963e916e2b5766b", [:rebar3], [], "hexpm", "2b9b201cc5c82b9d4e6966ad8e605832eab8f4ddb39f57ac62f34cb208b68de9"},
}
